// !$*UTF8*$!
{
	archiveVersion = 1;
	classes = {
	};
	objectVersion = 56;
	objects = {

/* Begin PBXBuildFile section */
		F63969ED28F7E776003F5757 /* BlackMapApp.swift in Sources */ = {isa = PBXBuildFile; fileRef = F63969EC28F7E776003F5757 /* BlackMapApp.swift */; };
		F63969EF28F7E776003F5757 /* ContentView.swift in Sources */ = {isa = PBXBuildFile; fileRef = F63969EE28F7E776003F5757 /* ContentView.swift */; };
		F63969F128F7E777003F5757 /* Assets.xcassets in Resources */ = {isa = PBXBuildFile; fileRef = F63969F028F7E777003F5757 /* Assets.xcassets */; };
		F63969F428F7E778003F5757 /* Preview Assets.xcassets in Resources */ = {isa = PBXBuildFile; fileRef = F63969F328F7E778003F5757 /* Preview Assets.xcassets */; };
		F63969FE28F7E778003F5757 /* BlackMapTests.swift in Sources */ = {isa = PBXBuildFile; fileRef = F63969FD28F7E778003F5757 /* BlackMapTests.swift */; };
		F6396A0828F7E778003F5757 /* BlackMapUITests.swift in Sources */ = {isa = PBXBuildFile; fileRef = F6396A0728F7E778003F5757 /* BlackMapUITests.swift */; };
		F6396A0A28F7E778003F5757 /* BlackMapUITestsLaunchTests.swift in Sources */ = {isa = PBXBuildFile; fileRef = F6396A0928F7E778003F5757 /* BlackMapUITestsLaunchTests.swift */; };
/* End PBXBuildFile section */

/* Begin PBXContainerItemProxy section */
		F63969FA28F7E778003F5757 /* PBXContainerItemProxy */ = {
			isa = PBXContainerItemProxy;
			containerPortal = F63969E128F7E776003F5757 /* Project object */;
			proxyType = 1;
			remoteGlobalIDString = F63969E828F7E776003F5757;
			remoteInfo = BlackMap;
		};
		F6396A0428F7E778003F5757 /* PBXContainerItemProxy */ = {
			isa = PBXContainerItemProxy;
			containerPortal = F63969E128F7E776003F5757 /* Project object */;
			proxyType = 1;
			remoteGlobalIDString = F63969E828F7E776003F5757;
			remoteInfo = BlackMap;
		};
/* End PBXContainerItemProxy section */

/* Begin PBXFileReference section */
		F63969E928F7E776003F5757 /* BlackMap.app */ = {isa = PBXFileReference; explicitFileType = wrapper.application; includeInIndex = 0; path = BlackMap.app; sourceTree = BUILT_PRODUCTS_DIR; };
		F63969EC28F7E776003F5757 /* BlackMapApp.swift */ = {isa = PBXFileReference; lastKnownFileType = sourcecode.swift; path = BlackMapApp.swift; sourceTree = "<group>"; };
		F63969EE28F7E776003F5757 /* ContentView.swift */ = {isa = PBXFileReference; lastKnownFileType = sourcecode.swift; path = ContentView.swift; sourceTree = "<group>"; };
		F63969F028F7E777003F5757 /* Assets.xcassets */ = {isa = PBXFileReference; lastKnownFileType = folder.assetcatalog; path = Assets.xcassets; sourceTree = "<group>"; };
		F63969F328F7E778003F5757 /* Preview Assets.xcassets */ = {isa = PBXFileReference; lastKnownFileType = folder.assetcatalog; path = "Preview Assets.xcassets"; sourceTree = "<group>"; };
		F63969F928F7E778003F5757 /* BlackMapTests.xctest */ = {isa = PBXFileReference; explicitFileType = wrapper.cfbundle; includeInIndex = 0; path = BlackMapTests.xctest; sourceTree = BUILT_PRODUCTS_DIR; };
		F63969FD28F7E778003F5757 /* BlackMapTests.swift */ = {isa = PBXFileReference; lastKnownFileType = sourcecode.swift; path = BlackMapTests.swift; sourceTree = "<group>"; };
		F6396A0328F7E778003F5757 /* BlackMapUITests.xctest */ = {isa = PBXFileReference; explicitFileType = wrapper.cfbundle; includeInIndex = 0; path = BlackMapUITests.xctest; sourceTree = BUILT_PRODUCTS_DIR; };
		F6396A0728F7E778003F5757 /* BlackMapUITests.swift */ = {isa = PBXFileReference; lastKnownFileType = sourcecode.swift; path = BlackMapUITests.swift; sourceTree = "<group>"; };
		F6396A0928F7E778003F5757 /* BlackMapUITestsLaunchTests.swift */ = {isa = PBXFileReference; lastKnownFileType = sourcecode.swift; path = BlackMapUITestsLaunchTests.swift; sourceTree = "<group>"; };
/* End PBXFileReference section */

/* Begin PBXFrameworksBuildPhase section */
		F63969E628F7E776003F5757 /* Frameworks */ = {
			isa = PBXFrameworksBuildPhase;
			buildActionMask = 2147483647;
			files = (
			);
			runOnlyForDeploymentPostprocessing = 0;
		};
		F63969F628F7E778003F5757 /* Frameworks */ = {
			isa = PBXFrameworksBuildPhase;
			buildActionMask = 2147483647;
			files = (
			);
			runOnlyForDeploymentPostprocessing = 0;
		};
		F6396A0028F7E778003F5757 /* Frameworks */ = {
			isa = PBXFrameworksBuildPhase;
			buildActionMask = 2147483647;
			files = (
			);
			runOnlyForDeploymentPostprocessing = 0;
		};
/* End PBXFrameworksBuildPhase section */

/* Begin PBXGroup section */
		F63969E028F7E776003F5757 = {
			isa = PBXGroup;
			children = (
				F63969EB28F7E776003F5757 /* BlackMap */,
				F63969FC28F7E778003F5757 /* BlackMapTests */,
				F6396A0628F7E778003F5757 /* BlackMapUITests */,
				F63969EA28F7E776003F5757 /* Products */,
			);
			sourceTree = "<group>";
		};
		F63969EA28F7E776003F5757 /* Products */ = {
			isa = PBXGroup;
			children = (
				F63969E928F7E776003F5757 /* BlackMap.app */,
				F63969F928F7E778003F5757 /* BlackMapTests.xctest */,
				F6396A0328F7E778003F5757 /* BlackMapUITests.xctest */,
			);
			name = Products;
			sourceTree = "<group>";
		};
		F63969EB28F7E776003F5757 /* BlackMap */ = {
			isa = PBXGroup;
			children = (
				F63969EC28F7E776003F5757 /* BlackMapApp.swift */,
				F63969EE28F7E776003F5757 /* ContentView.swift */,
				F63969F028F7E777003F5757 /* Assets.xcassets */,
				F63969F228F7E778003F5757 /* Preview Content */,
			);
			path = BlackMap;
			sourceTree = "<group>";
		};
		F63969F228F7E778003F5757 /* Preview Content */ = {
			isa = PBXGroup;
			children = (
				F63969F328F7E778003F5757 /* Preview Assets.xcassets */,
			);
			path = "Preview Content";
			sourceTree = "<group>";
		};
		F63969FC28F7E778003F5757 /* BlackMapTests */ = {
			isa = PBXGroup;
			children = (
				F63969FD28F7E778003F5757 /* BlackMapTests.swift */,
			);
			path = BlackMapTests;
			sourceTree = "<group>";
		};
		F6396A0628F7E778003F5757 /* BlackMapUITests */ = {
			isa = PBXGroup;
			children = (
				F6396A0728F7E778003F5757 /* BlackMapUITests.swift */,
				F6396A0928F7E778003F5757 /* BlackMapUITestsLaunchTests.swift */,
			);
			path = BlackMapUITests;
			sourceTree = "<group>";
		};
/* End PBXGroup section */

/* Begin PBXNativeTarget section */
		F63969E828F7E776003F5757 /* BlackMap */ = {
			isa = PBXNativeTarget;
			buildConfigurationList = F6396A0D28F7E778003F5757 /* Build configuration list for PBXNativeTarget "BlackMap" */;
			buildPhases = (
				F63969E528F7E776003F5757 /* Sources */,
				F63969E628F7E776003F5757 /* Frameworks */,
				F63969E728F7E776003F5757 /* Resources */,
			);
			buildRules = (
			);
			dependencies = (
			);
			name = BlackMap;
			productName = BlackMap;
			productReference = F63969E928F7E776003F5757 /* BlackMap.app */;
			productType = "com.apple.product-type.application";
		};
		F63969F828F7E778003F5757 /* BlackMapTests */ = {
			isa = PBXNativeTarget;
			buildConfigurationList = F6396A1028F7E778003F5757 /* Build configuration list for PBXNativeTarget "BlackMapTests" */;
			buildPhases = (
				F63969F528F7E778003F5757 /* Sources */,
				F63969F628F7E778003F5757 /* Frameworks */,
				F63969F728F7E778003F5757 /* Resources */,
			);
			buildRules = (
			);
			dependencies = (
				F63969FB28F7E778003F5757 /* PBXTargetDependency */,
			);
			name = BlackMapTests;
			productName = BlackMapTests;
			productReference = F63969F928F7E778003F5757 /* BlackMapTests.xctest */;
			productType = "com.apple.product-type.bundle.unit-test";
		};
		F6396A0228F7E778003F5757 /* BlackMapUITests */ = {
			isa = PBXNativeTarget;
			buildConfigurationList = F6396A1328F7E778003F5757 /* Build configuration list for PBXNativeTarget "BlackMapUITests" */;
			buildPhases = (
				F63969FF28F7E778003F5757 /* Sources */,
				F6396A0028F7E778003F5757 /* Frameworks */,
				F6396A0128F7E778003F5757 /* Resources */,
			);
			buildRules = (
			);
			dependencies = (
				F6396A0528F7E778003F5757 /* PBXTargetDependency */,
			);
			name = BlackMapUITests;
			productName = BlackMapUITests;
			productReference = F6396A0328F7E778003F5757 /* BlackMapUITests.xctest */;
			productType = "com.apple.product-type.bundle.ui-testing";
		};
/* End PBXNativeTarget section */

/* Begin PBXProject section */
		F63969E128F7E776003F5757 /* Project object */ = {
			isa = PBXProject;
			attributes = {
				BuildIndependentTargetsInParallel = 1;
				LastSwiftUpdateCheck = 1400;
				LastUpgradeCheck = 1400;
				TargetAttributes = {
					F63969E828F7E776003F5757 = {
						CreatedOnToolsVersion = 14.0;
					};
					F63969F828F7E778003F5757 = {
						CreatedOnToolsVersion = 14.0;
						TestTargetID = F63969E828F7E776003F5757;
					};
					F6396A0228F7E778003F5757 = {
						CreatedOnToolsVersion = 14.0;
						TestTargetID = F63969E828F7E776003F5757;
					};
				};
			};
			buildConfigurationList = F63969E428F7E776003F5757 /* Build configuration list for PBXProject "BlackMap" */;
			compatibilityVersion = "Xcode 14.0";
			developmentRegion = en;
			hasScannedForEncodings = 0;
			knownRegions = (
				en,
				Base,
			);
			mainGroup = F63969E028F7E776003F5757;
			productRefGroup = F63969EA28F7E776003F5757 /* Products */;
			projectDirPath = "";
			projectRoot = "";
			targets = (
				F63969E828F7E776003F5757 /* BlackMap */,
				F63969F828F7E778003F5757 /* BlackMapTests */,
				F6396A0228F7E778003F5757 /* BlackMapUITests */,
			);
		};
/* End PBXProject section */

/* Begin PBXResourcesBuildPhase section */
		F63969E728F7E776003F5757 /* Resources */ = {
			isa = PBXResourcesBuildPhase;
			buildActionMask = 2147483647;
			files = (
				F63969F428F7E778003F5757 /* Preview Assets.xcassets in Resources */,
				F63969F128F7E777003F5757 /* Assets.xcassets in Resources */,
			);
			runOnlyForDeploymentPostprocessing = 0;
		};
		F63969F728F7E778003F5757 /* Resources */ = {
			isa = PBXResourcesBuildPhase;
			buildActionMask = 2147483647;
			files = (
			);
			runOnlyForDeploymentPostprocessing = 0;
		};
		F6396A0128F7E778003F5757 /* Resources */ = {
			isa = PBXResourcesBuildPhase;
			buildActionMask = 2147483647;
			files = (
			);
			runOnlyForDeploymentPostprocessing = 0;
		};
/* End PBXResourcesBuildPhase section */

/* Begin PBXSourcesBuildPhase section */
		F63969E528F7E776003F5757 /* Sources */ = {
			isa = PBXSourcesBuildPhase;
			buildActionMask = 2147483647;
			files = (
				F63969EF28F7E776003F5757 /* ContentView.swift in Sources */,
				F63969ED28F7E776003F5757 /* BlackMapApp.swift in Sources */,
			);
			runOnlyForDeploymentPostprocessing = 0;
		};
		F63969F528F7E778003F5757 /* Sources */ = {
			isa = PBXSourcesBuildPhase;
			buildActionMask = 2147483647;
			files = (
				F63969FE28F7E778003F5757 /* BlackMapTests.swift in Sources */,
			);
			runOnlyForDeploymentPostprocessing = 0;
		};
		F63969FF28F7E778003F5757 /* Sources */ = {
			isa = PBXSourcesBuildPhase;
			buildActionMask = 2147483647;
			files = (
				F6396A0A28F7E778003F5757 /* BlackMapUITestsLaunchTests.swift in Sources */,
				F6396A0828F7E778003F5757 /* BlackMapUITests.swift in Sources */,
			);
			runOnlyForDeploymentPostprocessing = 0;
		};
/* End PBXSourcesBuildPhase section */

/* Begin PBXTargetDependency section */
		F63969FB28F7E778003F5757 /* PBXTargetDependency */ = {
			isa = PBXTargetDependency;
			target = F63969E828F7E776003F5757 /* BlackMap */;
			targetProxy = F63969FA28F7E778003F5757 /* PBXContainerItemProxy */;
		};
		F6396A0528F7E778003F5757 /* PBXTargetDependency */ = {
			isa = PBXTargetDependency;
			target = F63969E828F7E776003F5757 /* BlackMap */;
			targetProxy = F6396A0428F7E778003F5757 /* PBXContainerItemProxy */;
		};
/* End PBXTargetDependency section */

/* Begin XCBuildConfiguration section */
		F6396A0B28F7E778003F5757 /* Debug */ = {
			isa = XCBuildConfiguration;
			buildSettings = {
				ALWAYS_SEARCH_USER_PATHS = NO;
				CLANG_ANALYZER_NONNULL = YES;
				CLANG_ANALYZER_NUMBER_OBJECT_CONVERSION = YES_AGGRESSIVE;
				CLANG_CXX_LANGUAGE_STANDARD = "gnu++20";
				CLANG_ENABLE_MODULES = YES;
				CLANG_ENABLE_OBJC_ARC = YES;
				CLANG_ENABLE_OBJC_WEAK = YES;
				CLANG_WARN_BLOCK_CAPTURE_AUTORELEASING = YES;
				CLANG_WARN_BOOL_CONVERSION = YES;
				CLANG_WARN_COMMA = YES;
				CLANG_WARN_CONSTANT_CONVERSION = YES;
				CLANG_WARN_DEPRECATED_OBJC_IMPLEMENTATIONS = YES;
				CLANG_WARN_DIRECT_OBJC_ISA_USAGE = YES_ERROR;
				CLANG_WARN_DOCUMENTATION_COMMENTS = YES;
				CLANG_WARN_EMPTY_BODY = YES;
				CLANG_WARN_ENUM_CONVERSION = YES;
				CLANG_WARN_INFINITE_RECURSION = YES;
				CLANG_WARN_INT_CONVERSION = YES;
				CLANG_WARN_NON_LITERAL_NULL_CONVERSION = YES;
				CLANG_WARN_OBJC_IMPLICIT_RETAIN_SELF = YES;
				CLANG_WARN_OBJC_LITERAL_CONVERSION = YES;
				CLANG_WARN_OBJC_ROOT_CLASS = YES_ERROR;
				CLANG_WARN_QUOTED_INCLUDE_IN_FRAMEWORK_HEADER = YES;
				CLANG_WARN_RANGE_LOOP_ANALYSIS = YES;
				CLANG_WARN_STRICT_PROTOTYPES = YES;
				CLANG_WARN_SUSPICIOUS_MOVE = YES;
				CLANG_WARN_UNGUARDED_AVAILABILITY = YES_AGGRESSIVE;
				CLANG_WARN_UNREACHABLE_CODE = YES;
				CLANG_WARN__DUPLICATE_METHOD_MATCH = YES;
				COPY_PHASE_STRIP = NO;
				DEBUG_INFORMATION_FORMAT = dwarf;
				ENABLE_STRICT_OBJC_MSGSEND = YES;
				ENABLE_TESTABILITY = YES;
				GCC_C_LANGUAGE_STANDARD = gnu11;
				GCC_DYNAMIC_NO_PIC = NO;
				GCC_NO_COMMON_BLOCKS = YES;
				GCC_OPTIMIZATION_LEVEL = 0;
				GCC_PREPROCESSOR_DEFINITIONS = (
					"DEBUG=1",
					"$(inherited)",
				);
				GCC_WARN_64_TO_32_BIT_CONVERSION = YES;
				GCC_WARN_ABOUT_RETURN_TYPE = YES_ERROR;
				GCC_WARN_UNDECLARED_SELECTOR = YES;
				GCC_WARN_UNINITIALIZED_AUTOS = YES_AGGRESSIVE;
				GCC_WARN_UNUSED_FUNCTION = YES;
				GCC_WARN_UNUSED_VARIABLE = YES;
				IPHONEOS_DEPLOYMENT_TARGET = 16.0;
				MTL_ENABLE_DEBUG_INFO = INCLUDE_SOURCE;
				MTL_FAST_MATH = YES;
				ONLY_ACTIVE_ARCH = YES;
				SDKROOT = iphoneos;
				SWIFT_ACTIVE_COMPILATION_CONDITIONS = DEBUG;
				SWIFT_OPTIMIZATION_LEVEL = "-Onone";
			};
			name = Debug;
		};
		F6396A0C28F7E778003F5757 /* Release */ = {
			isa = XCBuildConfiguration;
			buildSettings = {
				ALWAYS_SEARCH_USER_PATHS = NO;
				CLANG_ANALYZER_NONNULL = YES;
				CLANG_ANALYZER_NUMBER_OBJECT_CONVERSION = YES_AGGRESSIVE;
				CLANG_CXX_LANGUAGE_STANDARD = "gnu++20";
				CLANG_ENABLE_MODULES = YES;
				CLANG_ENABLE_OBJC_ARC = YES;
				CLANG_ENABLE_OBJC_WEAK = YES;
				CLANG_WARN_BLOCK_CAPTURE_AUTORELEASING = YES;
				CLANG_WARN_BOOL_CONVERSION = YES;
				CLANG_WARN_COMMA = YES;
				CLANG_WARN_CONSTANT_CONVERSION = YES;
				CLANG_WARN_DEPRECATED_OBJC_IMPLEMENTATIONS = YES;
				CLANG_WARN_DIRECT_OBJC_ISA_USAGE = YES_ERROR;
				CLANG_WARN_DOCUMENTATION_COMMENTS = YES;
				CLANG_WARN_EMPTY_BODY = YES;
				CLANG_WARN_ENUM_CONVERSION = YES;
				CLANG_WARN_INFINITE_RECURSION = YES;
				CLANG_WARN_INT_CONVERSION = YES;
				CLANG_WARN_NON_LITERAL_NULL_CONVERSION = YES;
				CLANG_WARN_OBJC_IMPLICIT_RETAIN_SELF = YES;
				CLANG_WARN_OBJC_LITERAL_CONVERSION = YES;
				CLANG_WARN_OBJC_ROOT_CLASS = YES_ERROR;
				CLANG_WARN_QUOTED_INCLUDE_IN_FRAMEWORK_HEADER = YES;
				CLANG_WARN_RANGE_LOOP_ANALYSIS = YES;
				CLANG_WARN_STRICT_PROTOTYPES = YES;
				CLANG_WARN_SUSPICIOUS_MOVE = YES;
				CLANG_WARN_UNGUARDED_AVAILABILITY = YES_AGGRESSIVE;
				CLANG_WARN_UNREACHABLE_CODE = YES;
				CLANG_WARN__DUPLICATE_METHOD_MATCH = YES;
				COPY_PHASE_STRIP = NO;
				DEBUG_INFORMATION_FORMAT = "dwarf-with-dsym";
				ENABLE_NS_ASSERTIONS = NO;
				ENABLE_STRICT_OBJC_MSGSEND = YES;
				GCC_C_LANGUAGE_STANDARD = gnu11;
				GCC_NO_COMMON_BLOCKS = YES;
				GCC_WARN_64_TO_32_BIT_CONVERSION = YES;
				GCC_WARN_ABOUT_RETURN_TYPE = YES_ERROR;
				GCC_WARN_UNDECLARED_SELECTOR = YES;
				GCC_WARN_UNINITIALIZED_AUTOS = YES_AGGRESSIVE;
				GCC_WARN_UNUSED_FUNCTION = YES;
				GCC_WARN_UNUSED_VARIABLE = YES;
				IPHONEOS_DEPLOYMENT_TARGET = 16.0;
				MTL_ENABLE_DEBUG_INFO = NO;
				MTL_FAST_MATH = YES;
				SDKROOT = iphoneos;
				SWIFT_COMPILATION_MODE = wholemodule;
				SWIFT_OPTIMIZATION_LEVEL = "-O";
				VALIDATE_PRODUCT = YES;
			};
			name = Release;
		};
		F6396A0E28F7E778003F5757 /* Debug */ = {
			isa = XCBuildConfiguration;
			buildSettings = {
				ASSETCATALOG_COMPILER_APPICON_NAME = AppIcon;
				ASSETCATALOG_COMPILER_GLOBAL_ACCENT_COLOR_NAME = AccentColor;
				CODE_SIGN_STYLE = Automatic;
				CURRENT_PROJECT_VERSION = 1;
				DEVELOPMENT_ASSET_PATHS = "\"BlackMap/Preview Content\"";
				ENABLE_PREVIEWS = YES;
				GENERATE_INFOPLIST_FILE = YES;
				INFOPLIST_KEY_UIApplicationSceneManifest_Generation = YES;
				INFOPLIST_KEY_UIApplicationSupportsIndirectInputEvents = YES;
				INFOPLIST_KEY_UILaunchScreen_Generation = YES;
				INFOPLIST_KEY_UISupportedInterfaceOrientations_iPad = "UIInterfaceOrientationPortrait UIInterfaceOrientationPortraitUpsideDown UIInterfaceOrientationLandscapeLeft UIInterfaceOrientationLandscapeRight";
				INFOPLIST_KEY_UISupportedInterfaceOrientations_iPhone = "UIInterfaceOrientationPortrait UIInterfaceOrientationLandscapeLeft UIInterfaceOrientationLandscapeRight";
				LD_RUNPATH_SEARCH_PATHS = (
					"$(inherited)",
					"@executable_path/Frameworks",
				);
				MARKETING_VERSION = 1.0;
				PRODUCT_BUNDLE_IDENTIFIER = com.glucode.BlackMap;
				PRODUCT_NAME = "$(TARGET_NAME)";
				SWIFT_EMIT_LOC_STRINGS = YES;
				SWIFT_VERSION = 5.0;
				TARGETED_DEVICE_FAMILY = "1,2";
			};
			name = Debug;
		};
		F6396A0F28F7E778003F5757 /* Release */ = {
			isa = XCBuildConfiguration;
			buildSettings = {
				ASSETCATALOG_COMPILER_APPICON_NAME = AppIcon;
				ASSETCATALOG_COMPILER_GLOBAL_ACCENT_COLOR_NAME = AccentColor;
				CODE_SIGN_STYLE = Automatic;
				CURRENT_PROJECT_VERSION = 1;
				DEVELOPMENT_ASSET_PATHS = "\"BlackMap/Preview Content\"";
				ENABLE_PREVIEWS = YES;
				GENERATE_INFOPLIST_FILE = YES;
				INFOPLIST_KEY_UIApplicationSceneManifest_Generation = YES;
				INFOPLIST_KEY_UIApplicationSupportsIndirectInputEvents = YES;
				INFOPLIST_KEY_UILaunchScreen_Generation = YES;
				INFOPLIST_KEY_UISupportedInterfaceOrientations_iPad = "UIInterfaceOrientationPortrait UIInterfaceOrientationPortraitUpsideDown UIInterfaceOrientationLandscapeLeft UIInterfaceOrientationLandscapeRight";
				INFOPLIST_KEY_UISupportedInterfaceOrientations_iPhone = "UIInterfaceOrientationPortrait UIInterfaceOrientationLandscapeLeft UIInterfaceOrientationLandscapeRight";
				LD_RUNPATH_SEARCH_PATHS = (
					"$(inherited)",
					"@executable_path/Frameworks",
				);
				MARKETING_VERSION = 1.0;
				PRODUCT_BUNDLE_IDENTIFIER = com.glucode.BlackMap;
				PRODUCT_NAME = "$(TARGET_NAME)";
				SWIFT_EMIT_LOC_STRINGS = YES;
				SWIFT_VERSION = 5.0;
				TARGETED_DEVICE_FAMILY = "1,2";
			};
			name = Release;
		};
		F6396A1128F7E778003F5757 /* Debug */ = {
			isa = XCBuildConfiguration;
			buildSettings = {
				ALWAYS_EMBED_SWIFT_STANDARD_LIBRARIES = YES;
				BUNDLE_LOADER = "$(TEST_HOST)";
				CODE_SIGN_STYLE = Automatic;
				CURRENT_PROJECT_VERSION = 1;
				GENERATE_INFOPLIST_FILE = YES;
				IPHONEOS_DEPLOYMENT_TARGET = 16.0;
				MARKETING_VERSION = 1.0;
				PRODUCT_BUNDLE_IDENTIFIER = com.glucode.BlackMapTests;
				PRODUCT_NAME = "$(TARGET_NAME)";
				SWIFT_EMIT_LOC_STRINGS = NO;
				SWIFT_VERSION = 5.0;
				TARGETED_DEVICE_FAMILY = "1,2";
				TEST_HOST = "$(BUILT_PRODUCTS_DIR)/BlackMap.app/$(BUNDLE_EXECUTABLE_FOLDER_PATH)/BlackMap";
			};
			name = Debug;
		};
		F6396A1228F7E778003F5757 /* Release */ = {
			isa = XCBuildConfiguration;
			buildSettings = {
				ALWAYS_EMBED_SWIFT_STANDARD_LIBRARIES = YES;
				BUNDLE_LOADER = "$(TEST_HOST)";
				CODE_SIGN_STYLE = Automatic;
				CURRENT_PROJECT_VERSION = 1;
				GENERATE_INFOPLIST_FILE = YES;
				IPHONEOS_DEPLOYMENT_TARGET = 16.0;
				MARKETING_VERSION = 1.0;
				PRODUCT_BUNDLE_IDENTIFIER = com.glucode.BlackMapTests;
				PRODUCT_NAME = "$(TARGET_NAME)";
				SWIFT_EMIT_LOC_STRINGS = NO;
				SWIFT_VERSION = 5.0;
				TARGETED_DEVICE_FAMILY = "1,2";
				TEST_HOST = "$(BUILT_PRODUCTS_DIR)/BlackMap.app/$(BUNDLE_EXECUTABLE_FOLDER_PATH)/BlackMap";
			};
			name = Release;
		};
		F6396A1428F7E778003F5757 /* Debug */ = {
			isa = XCBuildConfiguration;
			buildSettings = {
				ALWAYS_EMBED_SWIFT_STANDARD_LIBRARIES = YES;
				CODE_SIGN_STYLE = Automatic;
				CURRENT_PROJECT_VERSION = 1;
				GENERATE_INFOPLIST_FILE = YES;
				MARKETING_VERSION = 1.0;
				PRODUCT_BUNDLE_IDENTIFIER = com.glucode.BlackMapUITests;
				PRODUCT_NAME = "$(TARGET_NAME)";
				SWIFT_EMIT_LOC_STRINGS = NO;
				SWIFT_VERSION = 5.0;
				TARGETED_DEVICE_FAMILY = "1,2";
				TEST_TARGET_NAME = BlackMap;
			};
			name = Debug;
		};
		F6396A1528F7E778003F5757 /* Release */ = {
			isa = XCBuildConfiguration;
			buildSettings = {
				ALWAYS_EMBED_SWIFT_STANDARD_LIBRARIES = YES;
				CODE_SIGN_STYLE = Automatic;
				CURRENT_PROJECT_VERSION = 1;
				GENERATE_INFOPLIST_FILE = YES;
				MARKETING_VERSION = 1.0;
				PRODUCT_BUNDLE_IDENTIFIER = com.glucode.BlackMapUITests;
				PRODUCT_NAME = "$(TARGET_NAME)";
				SWIFT_EMIT_LOC_STRINGS = NO;
				SWIFT_VERSION = 5.0;
				TARGETED_DEVICE_FAMILY = "1,2";
				TEST_TARGET_NAME = BlackMap;
			};
			name = Release;
		};
/* End XCBuildConfiguration section */

/* Begin XCConfigurationList section */
		F63969E428F7E776003F5757 /* Build configuration list for PBXProject "BlackMap" */ = {
			isa = XCConfigurationList;
			buildConfigurations = (
				F6396A0B28F7E778003F5757 /* Debug */,
				F6396A0C28F7E778003F5757 /* Release */,
			);
			defaultConfigurationIsVisible = 0;
			defaultConfigurationName = Release;
		};
		F6396A0D28F7E778003F5757 /* Build configuration list for PBXNativeTarget "BlackMap" */ = {
			isa = XCConfigurationList;
			buildConfigurations = (
				F6396A0E28F7E778003F5757 /* Debug */,
				F6396A0F28F7E778003F5757 /* Release */,
			);
			defaultConfigurationIsVisible = 0;
			defaultConfigurationName = Release;
		};
		F6396A1028F7E778003F5757 /* Build configuration list for PBXNativeTarget "BlackMapTests" */ = {
			isa = XCConfigurationList;
			buildConfigurations = (
				F6396A1128F7E778003F5757 /* Debug */,
				F6396A1228F7E778003F5757 /* Release */,
			);
			defaultConfigurationIsVisible = 0;
			defaultConfigurationName = Release;
		};
		F6396A1328F7E778003F5757 /* Build configuration list for PBXNativeTarget "BlackMapUITests" */ = {
			isa = XCConfigurationList;
			buildConfigurations = (
				F6396A1428F7E778003F5757 /* Debug */,
				F6396A1528F7E778003F5757 /* Release */,
			);
			defaultConfigurationIsVisible = 0;
			defaultConfigurationName = Release;
		};
/* End XCConfigurationList section */
	};
	rootObject = F63969E128F7E776003F5757 /* Project object */;
}
